
Microsoft Visual Studio Solution File, Format Version 12.00
# Visual Studio Version 16
VisualStudioVersion = 16.0.29926.136
MinimumVisualStudioVersion = 10.0.40219.1
Project("{FAE04EC0-301F-11D3-BF4B-00C04F79EFBC}") = "RGBColorWindow", "RGBColorWindow\RGBColorWindow.csproj", "{CAE3CE03-22FE-4E57-8A0D-B1C02057EA5A}"
EndProject
Global
	GlobalSection(SolutionConfigurationPlatforms) = preSolution
		Debug|Any CPU = Debug|Any CPU
		Release|Any CPU = Release|Any CPU
	EndGlobalSection
	GlobalSection(ProjectConfigurationPlatforms) = postSolution
		{CAE3CE03-22FE-4E57-8A0D-B1C02057EA5A}.Debug|Any CPU.ActiveCfg = Debug|Any CPU
		{CAE3CE03-22FE-4E57-8A0D-B1C02057EA5A}.Debug|Any CPU.Build.0 = Debug|Any CPU
		{CAE3CE03-22FE-4E57-8A0D-B1C02057EA5A}.Release|Any CPU.ActiveCfg = Release|Any CPU
		{CAE3CE03-22FE-4E57-8A0D-B1C02057EA5A}.Release|Any CPU.Build.0 = Release|Any CPU
	EndGlobalSection
	GlobalSection(SolutionProperties) = preSolution
		HideSolutionNode = FALSE
	EndGlobalSection
	GlobalSection(ExtensibilityGlobals) = postSolution
		SolutionGuid = {4A02A012-A82C-4B86-9591-9A548BC186F7}
	EndGlobalSection
EndGlobal
